// !$*UTF8*$!
{
	archiveVersion = 1;
	classes = {
	};
	objectVersion = 50;
	objects = {

/* Begin PBXBuildFile section */
		F49BBDF7215A965F00AD0168 /* AppDelegate.swift in Sources */ = {isa = PBXBuildFile; fileRef = F49BBDF6215A965F00AD0168 /* AppDelegate.swift */; };
		F49BBDF9215A965F00AD0168 /* ViewController.swift in Sources */ = {isa = PBXBuildFile; fileRef = F49BBDF8215A965F00AD0168 /* ViewController.swift */; };
		F49BBDFB215A966000AD0168 /* Assets.xcassets in Resources */ = {isa = PBXBuildFile; fileRef = F49BBDFA215A966000AD0168 /* Assets.xcassets */; };
		F49BBDFE215A966000AD0168 /* Main.storyboard in Resources */ = {isa = PBXBuildFile; fileRef = F49BBDFC215A966000AD0168 /* Main.storyboard */; };
		F49BBE0A215A966000AD0168 /* NightValeTests.swift in Sources */ = {isa = PBXBuildFile; fileRef = F49BBE09215A966000AD0168 /* NightValeTests.swift */; };
		F49BBE15215A966000AD0168 /* NightValeUITests.swift in Sources */ = {isa = PBXBuildFile; fileRef = F49BBE14215A966000AD0168 /* NightValeUITests.swift */; };
/* End PBXBuildFile section */

/* Begin PBXContainerItemProxy section */
		F49BBE06215A966000AD0168 /* PBXContainerItemProxy */ = {
			isa = PBXContainerItemProxy;
			containerPortal = F49BBDEB215A965F00AD0168 /* Project object */;
			proxyType = 1;
			remoteGlobalIDString = F49BBDF2215A965F00AD0168;
			remoteInfo = NightVale;
		};
		F49BBE11215A966000AD0168 /* PBXContainerItemProxy */ = {
			isa = PBXContainerItemProxy;
			containerPortal = F49BBDEB215A965F00AD0168 /* Project object */;
			proxyType = 1;
			remoteGlobalIDString = F49BBDF2215A965F00AD0168;
			remoteInfo = NightVale;
		};
/* End PBXContainerItemProxy section */

/* Begin PBXFileReference section */
		F49BBDF3215A965F00AD0168 /* NightVale.app */ = {isa = PBXFileReference; explicitFileType = wrapper.application; includeInIndex = 0; path = NightVale.app; sourceTree = BUILT_PRODUCTS_DIR; };
		F49BBDF6215A965F00AD0168 /* AppDelegate.swift */ = {isa = PBXFileReference; lastKnownFileType = sourcecode.swift; path = AppDelegate.swift; sourceTree = "<group>"; };
		F49BBDF8215A965F00AD0168 /* ViewController.swift */ = {isa = PBXFileReference; lastKnownFileType = sourcecode.swift; path = ViewController.swift; sourceTree = "<group>"; };
		F49BBDFA215A966000AD0168 /* Assets.xcassets */ = {isa = PBXFileReference; lastKnownFileType = folder.assetcatalog; path = Assets.xcassets; sourceTree = "<group>"; };
		F49BBDFD215A966000AD0168 /* Base */ = {isa = PBXFileReference; lastKnownFileType = file.storyboard; name = Base; path = Base.lproj/Main.storyboard; sourceTree = "<group>"; };
		F49BBDFF215A966000AD0168 /* Info.plist */ = {isa = PBXFileReference; lastKnownFileType = text.plist.xml; path = Info.plist; sourceTree = "<group>"; };
		F49BBE00215A966000AD0168 /* NightVale.entitlements */ = {isa = PBXFileReference; lastKnownFileType = text.plist.entitlements; path = NightVale.entitlements; sourceTree = "<group>"; };
		F49BBE05215A966000AD0168 /* NightValeTests.xctest */ = {isa = PBXFileReference; explicitFileType = wrapper.cfbundle; includeInIndex = 0; path = NightValeTests.xctest; sourceTree = BUILT_PRODUCTS_DIR; };
		F49BBE09215A966000AD0168 /* NightValeTests.swift */ = {isa = PBXFileReference; lastKnownFileType = sourcecode.swift; path = NightValeTests.swift; sourceTree = "<group>"; };
		F49BBE0B215A966000AD0168 /* Info.plist */ = {isa = PBXFileReference; lastKnownFileType = text.plist.xml; path = Info.plist; sourceTree = "<group>"; };
		F49BBE10215A966000AD0168 /* NightValeUITests.xctest */ = {isa = PBXFileReference; explicitFileType = wrapper.cfbundle; includeInIndex = 0; path = NightValeUITests.xctest; sourceTree = BUILT_PRODUCTS_DIR; };
		F49BBE14215A966000AD0168 /* NightValeUITests.swift */ = {isa = PBXFileReference; lastKnownFileType = sourcecode.swift; path = NightValeUITests.swift; sourceTree = "<group>"; };
		F49BBE16215A966000AD0168 /* Info.plist */ = {isa = PBXFileReference; lastKnownFileType = text.plist.xml; path = Info.plist; sourceTree = "<group>"; };
/* End PBXFileReference section */

/* Begin PBXFrameworksBuildPhase section */
		F49BBDF0215A965F00AD0168 /* Frameworks */ = {
			isa = PBXFrameworksBuildPhase;
			buildActionMask = 2147483647;
			files = (
			);
			runOnlyForDeploymentPostprocessing = 0;
		};
		F49BBE02215A966000AD0168 /* Frameworks */ = {
			isa = PBXFrameworksBuildPhase;
			buildActionMask = 2147483647;
			files = (
			);
			runOnlyForDeploymentPostprocessing = 0;
		};
		F49BBE0D215A966000AD0168 /* Frameworks */ = {
			isa = PBXFrameworksBuildPhase;
			buildActionMask = 2147483647;
			files = (
			);
			runOnlyForDeploymentPostprocessing = 0;
		};
/* End PBXFrameworksBuildPhase section */

/* Begin PBXGroup section */
		F49BBDEA215A965F00AD0168 = {
			isa = PBXGroup;
			children = (
				F49BBDF5215A965F00AD0168 /* NightVale */,
				F49BBE08215A966000AD0168 /* NightValeTests */,
				F49BBE13215A966000AD0168 /* NightValeUITests */,
				F49BBDF4215A965F00AD0168 /* Products */,
			);
			sourceTree = "<group>";
		};
		F49BBDF4215A965F00AD0168 /* Products */ = {
			isa = PBXGroup;
			children = (
				F49BBDF3215A965F00AD0168 /* NightVale.app */,
				F49BBE05215A966000AD0168 /* NightValeTests.xctest */,
				F49BBE10215A966000AD0168 /* NightValeUITests.xctest */,
			);
			name = Products;
			sourceTree = "<group>";
		};
		F49BBDF5215A965F00AD0168 /* NightVale */ = {
			isa = PBXGroup;
			children = (
				F49BBDF6215A965F00AD0168 /* AppDelegate.swift */,
				F49BBDF8215A965F00AD0168 /* ViewController.swift */,
				F49BBDFA215A966000AD0168 /* Assets.xcassets */,
				F49BBDFC215A966000AD0168 /* Main.storyboard */,
				F49BBDFF215A966000AD0168 /* Info.plist */,
				F49BBE00215A966000AD0168 /* NightVale.entitlements */,
			);
			path = NightVale;
			sourceTree = "<group>";
		};
		F49BBE08215A966000AD0168 /* NightValeTests */ = {
			isa = PBXGroup;
			children = (
				F49BBE09215A966000AD0168 /* NightValeTests.swift */,
				F49BBE0B215A966000AD0168 /* Info.plist */,
			);
			path = NightValeTests;
			sourceTree = "<group>";
		};
		F49BBE13215A966000AD0168 /* NightValeUITests */ = {
			isa = PBXGroup;
			children = (
				F49BBE14215A966000AD0168 /* NightValeUITests.swift */,
				F49BBE16215A966000AD0168 /* Info.plist */,
			);
			path = NightValeUITests;
			sourceTree = "<group>";
		};
/* End PBXGroup section */

/* Begin PBXNativeTarget section */
		F49BBDF2215A965F00AD0168 /* NightVale */ = {
			isa = PBXNativeTarget;
			buildConfigurationList = F49BBE19215A966000AD0168 /* Build configuration list for PBXNativeTarget "NightVale" */;
			buildPhases = (
				F49BBDEF215A965F00AD0168 /* Sources */,
				F49BBDF0215A965F00AD0168 /* Frameworks */,
				F49BBDF1215A965F00AD0168 /* Resources */,
			);
			buildRules = (
			);
			dependencies = (
			);
			name = NightVale;
			productName = NightVale;
			productReference = F49BBDF3215A965F00AD0168 /* NightVale.app */;
			productType = "com.apple.product-type.application";
		};
		F49BBE04215A966000AD0168 /* NightValeTests */ = {
			isa = PBXNativeTarget;
			buildConfigurationList = F49BBE1C215A966000AD0168 /* Build configuration list for PBXNativeTarget "NightValeTests" */;
			buildPhases = (
				F49BBE01215A966000AD0168 /* Sources */,
				F49BBE02215A966000AD0168 /* Frameworks */,
				F49BBE03215A966000AD0168 /* Resources */,
			);
			buildRules = (
			);
			dependencies = (
				F49BBE07215A966000AD0168 /* PBXTargetDependency */,
			);
			name = NightValeTests;
			productName = NightValeTests;
			productReference = F49BBE05215A966000AD0168 /* NightValeTests.xctest */;
			productType = "com.apple.product-type.bundle.unit-test";
		};
		F49BBE0F215A966000AD0168 /* NightValeUITests */ = {
			isa = PBXNativeTarget;
			buildConfigurationList = F49BBE1F215A966000AD0168 /* Build configuration list for PBXNativeTarget "NightValeUITests" */;
			buildPhases = (
				F49BBE0C215A966000AD0168 /* Sources */,
				F49BBE0D215A966000AD0168 /* Frameworks */,
				F49BBE0E215A966000AD0168 /* Resources */,
			);
			buildRules = (
			);
			dependencies = (
				F49BBE12215A966000AD0168 /* PBXTargetDependency */,
			);
			name = NightValeUITests;
			productName = NightValeUITests;
			productReference = F49BBE10215A966000AD0168 /* NightValeUITests.xctest */;
			productType = "com.apple.product-type.bundle.ui-testing";
		};
/* End PBXNativeTarget section */

/* Begin PBXProject section */
		F49BBDEB215A965F00AD0168 /* Project object */ = {
			isa = PBXProject;
			attributes = {
				LastSwiftUpdateCheck = 1000;
				LastUpgradeCheck = 1000;
				ORGANIZATIONNAME = "Brigitte Warner";
				TargetAttributes = {
					F49BBDF2215A965F00AD0168 = {
						CreatedOnToolsVersion = 10.0;
					};
					F49BBE04215A966000AD0168 = {
						CreatedOnToolsVersion = 10.0;
						TestTargetID = F49BBDF2215A965F00AD0168;
					};
					F49BBE0F215A966000AD0168 = {
						CreatedOnToolsVersion = 10.0;
						TestTargetID = F49BBDF2215A965F00AD0168;
					};
				};
			};
			buildConfigurationList = F49BBDEE215A965F00AD0168 /* Build configuration list for PBXProject "NightVale" */;
			compatibilityVersion = "Xcode 9.3";
			developmentRegion = en;
			hasScannedForEncodings = 0;
			knownRegions = (
				en,
				Base,
			);
			mainGroup = F49BBDEA215A965F00AD0168;
			productRefGroup = F49BBDF4215A965F00AD0168 /* Products */;
			projectDirPath = "";
			projectRoot = "";
			targets = (
				F49BBDF2215A965F00AD0168 /* NightVale */,
				F49BBE04215A966000AD0168 /* NightValeTests */,
				F49BBE0F215A966000AD0168 /* NightValeUITests */,
			);
		};
/* End PBXProject section */

/* Begin PBXResourcesBuildPhase section */
		F49BBDF1215A965F00AD0168 /* Resources */ = {
			isa = PBXResourcesBuildPhase;
			buildActionMask = 2147483647;
			files = (
				F49BBDFB215A966000AD0168 /* Assets.xcassets in Resources */,
				F49BBDFE215A966000AD0168 /* Main.storyboard in Resources */,
			);
			runOnlyForDeploymentPostprocessing = 0;
		};
		F49BBE03215A966000AD0168 /* Resources */ = {
			isa = PBXResourcesBuildPhase;
			buildActionMask = 2147483647;
			files = (
			);
			runOnlyForDeploymentPostprocessing = 0;
		};
		F49BBE0E215A966000AD0168 /* Resources */ = {
			isa = PBXResourcesBuildPhase;
			buildActionMask = 2147483647;
			files = (
			);
			runOnlyForDeploymentPostprocessing = 0;
		};
/* End PBXResourcesBuildPhase section */

/* Begin PBXSourcesBuildPhase section */
		F49BBDEF215A965F00AD0168 /* Sources */ = {
			isa = PBXSourcesBuildPhase;
			buildActionMask = 2147483647;
			files = (
				F49BBDF9215A965F00AD0168 /* ViewController.swift in Sources */,
				F49BBDF7215A965F00AD0168 /* AppDelegate.swift in Sources */,
			);
			runOnlyForDeploymentPostprocessing = 0;
		};
		F49BBE01215A966000AD0168 /* Sources */ = {
			isa = PBXSourcesBuildPhase;
			buildActionMask = 2147483647;
			files = (
				F49BBE0A215A966000AD0168 /* NightValeTests.swift in Sources */,
			);
			runOnlyForDeploymentPostprocessing = 0;
		};
		F49BBE0C215A966000AD0168 /* Sources */ = {
			isa = PBXSourcesBuildPhase;
			buildActionMask = 2147483647;
			files = (
				F49BBE15215A966000AD0168 /* NightValeUITests.swift in Sources */,
			);
			runOnlyForDeploymentPostprocessing = 0;
		};
/* End PBXSourcesBuildPhase section */

/* Begin PBXTargetDependency section */
		F49BBE07215A966000AD0168 /* PBXTargetDependency */ = {
			isa = PBXTargetDependency;
			target = F49BBDF2215A965F00AD0168 /* NightVale */;
			targetProxy = F49BBE06215A966000AD0168 /* PBXContainerItemProxy */;
		};
		F49BBE12215A966000AD0168 /* PBXTargetDependency */ = {
			isa = PBXTargetDependency;
			target = F49BBDF2215A965F00AD0168 /* NightVale */;
			targetProxy = F49BBE11215A966000AD0168 /* PBXContainerItemProxy */;
		};
/* End PBXTargetDependency section */

/* Begin PBXVariantGroup section */
		F49BBDFC215A966000AD0168 /* Main.storyboard */ = {
			isa = PBXVariantGroup;
			children = (
				F49BBDFD215A966000AD0168 /* Base */,
			);
			name = Main.storyboard;
			sourceTree = "<group>";
		};
/* End PBXVariantGroup section */

/* Begin XCBuildConfiguration section */
		F49BBE17215A966000AD0168 /* Debug */ = {
			isa = XCBuildConfiguration;
			buildSettings = {
				ALWAYS_SEARCH_USER_PATHS = NO;
				CLANG_ANALYZER_NONNULL = YES;
				CLANG_ANALYZER_NUMBER_OBJECT_CONVERSION = YES_AGGRESSIVE;
				CLANG_CXX_LANGUAGE_STANDARD = "gnu++14";
				CLANG_CXX_LIBRARY = "libc++";
				CLANG_ENABLE_MODULES = YES;
				CLANG_ENABLE_OBJC_ARC = YES;
				CLANG_ENABLE_OBJC_WEAK = YES;
				CLANG_WARN_BLOCK_CAPTURE_AUTORELEASING = YES;
				CLANG_WARN_BOOL_CONVERSION = YES;
				CLANG_WARN_COMMA = YES;
				CLANG_WARN_CONSTANT_CONVERSION = YES;
				CLANG_WARN_DEPRECATED_OBJC_IMPLEMENTATIONS = YES;
				CLANG_WARN_DIRECT_OBJC_ISA_USAGE = YES_ERROR;
				CLANG_WARN_DOCUMENTATION_COMMENTS = YES;
				CLANG_WARN_EMPTY_BODY = YES;
				CLANG_WARN_ENUM_CONVERSION = YES;
				CLANG_WARN_INFINITE_RECURSION = YES;
				CLANG_WARN_INT_CONVERSION = YES;
				CLANG_WARN_NON_LITERAL_NULL_CONVERSION = YES;
				CLANG_WARN_OBJC_IMPLICIT_RETAIN_SELF = YES;
				CLANG_WARN_OBJC_LITERAL_CONVERSION = YES;
				CLANG_WARN_OBJC_ROOT_CLASS = YES_ERROR;
				CLANG_WARN_RANGE_LOOP_ANALYSIS = YES;
				CLANG_WARN_STRICT_PROTOTYPES = YES;
				CLANG_WARN_SUSPICIOUS_MOVE = YES;
				CLANG_WARN_UNGUARDED_AVAILABILITY = YES_AGGRESSIVE;
				CLANG_WARN_UNREACHABLE_CODE = YES;
				CLANG_WARN__DUPLICATE_METHOD_MATCH = YES;
				CODE_SIGN_IDENTITY = "-";
				COPY_PHASE_STRIP = NO;
				DEBUG_INFORMATION_FORMAT = dwarf;
				ENABLE_STRICT_OBJC_MSGSEND = YES;
				ENABLE_TESTABILITY = YES;
				GCC_C_LANGUAGE_STANDARD = gnu11;
				GCC_DYNAMIC_NO_PIC = NO;
				GCC_NO_COMMON_BLOCKS = YES;
				GCC_OPTIMIZATION_LEVEL = 0;
				GCC_PREPROCESSOR_DEFINITIONS = (
					"DEBUG=1",
					"$(inherited)",
				);
				GCC_WARN_64_TO_32_BIT_CONVERSION = YES;
				GCC_WARN_ABOUT_RETURN_TYPE = YES_ERROR;
				GCC_WARN_UNDECLARED_SELECTOR = YES;
				GCC_WARN_UNINITIALIZED_AUTOS = YES_AGGRESSIVE;
				GCC_WARN_UNUSED_FUNCTION = YES;
				GCC_WARN_UNUSED_VARIABLE = YES;
				MACOSX_DEPLOYMENT_TARGET = 10.13;
				MTL_ENABLE_DEBUG_INFO = INCLUDE_SOURCE;
				MTL_FAST_MATH = YES;
				ONLY_ACTIVE_ARCH = YES;
				SDKROOT = macosx;
				SWIFT_ACTIVE_COMPILATION_CONDITIONS = DEBUG;
				SWIFT_OPTIMIZATION_LEVEL = "-Onone";
			};
			name = Debug;
		};
		F49BBE18215A966000AD0168 /* Release */ = {
			isa = XCBuildConfiguration;
			buildSettings = {
				ALWAYS_SEARCH_USER_PATHS = NO;
				CLANG_ANALYZER_NONNULL = YES;
				CLANG_ANALYZER_NUMBER_OBJECT_CONVERSION = YES_AGGRESSIVE;
				CLANG_CXX_LANGUAGE_STANDARD = "gnu++14";
				CLANG_CXX_LIBRARY = "libc++";
				CLANG_ENABLE_MODULES = YES;
				CLANG_ENABLE_OBJC_ARC = YES;
				CLANG_ENABLE_OBJC_WEAK = YES;
				CLANG_WARN_BLOCK_CAPTURE_AUTORELEASING = YES;
				CLANG_WARN_BOOL_CONVERSION = YES;
				CLANG_WARN_COMMA = YES;
				CLANG_WARN_CONSTANT_CONVERSION = YES;
				CLANG_WARN_DEPRECATED_OBJC_IMPLEMENTATIONS = YES;
				CLANG_WARN_DIRECT_OBJC_ISA_USAGE = YES_ERROR;
				CLANG_WARN_DOCUMENTATION_COMMENTS = YES;
				CLANG_WARN_EMPTY_BODY = YES;
				CLANG_WARN_ENUM_CONVERSION = YES;
				CLANG_WARN_INFINITE_RECURSION = YES;
				CLANG_WARN_INT_CONVERSION = YES;
				CLANG_WARN_NON_LITERAL_NULL_CONVERSION = YES;
				CLANG_WARN_OBJC_IMPLICIT_RETAIN_SELF = YES;
				CLANG_WARN_OBJC_LITERAL_CONVERSION = YES;
				CLANG_WARN_OBJC_ROOT_CLASS = YES_ERROR;
				CLANG_WARN_RANGE_LOOP_ANALYSIS = YES;
				CLANG_WARN_STRICT_PROTOTYPES = YES;
				CLANG_WARN_SUSPICIOUS_MOVE = YES;
				CLANG_WARN_UNGUARDED_AVAILABILITY = YES_AGGRESSIVE;
				CLANG_WARN_UNREACHABLE_CODE = YES;
				CLANG_WARN__DUPLICATE_METHOD_MATCH = YES;
				CODE_SIGN_IDENTITY = "-";
				COPY_PHASE_STRIP = NO;
				DEBUG_INFORMATION_FORMAT = "dwarf-with-dsym";
				ENABLE_NS_ASSERTIONS = NO;
				ENABLE_STRICT_OBJC_MSGSEND = YES;
				GCC_C_LANGUAGE_STANDARD = gnu11;
				GCC_NO_COMMON_BLOCKS = YES;
				GCC_WARN_64_TO_32_BIT_CONVERSION = YES;
				GCC_WARN_ABOUT_RETURN_TYPE = YES_ERROR;
				GCC_WARN_UNDECLARED_SELECTOR = YES;
				GCC_WARN_UNINITIALIZED_AUTOS = YES_AGGRESSIVE;
				GCC_WARN_UNUSED_FUNCTION = YES;
				GCC_WARN_UNUSED_VARIABLE = YES;
				MACOSX_DEPLOYMENT_TARGET = 10.13;
				MTL_ENABLE_DEBUG_INFO = NO;
				MTL_FAST_MATH = YES;
				SDKROOT = macosx;
				SWIFT_COMPILATION_MODE = wholemodule;
				SWIFT_OPTIMIZATION_LEVEL = "-O";
			};
			name = Release;
		};
		F49BBE1A215A966000AD0168 /* Debug */ = {
			isa = XCBuildConfiguration;
			buildSettings = {
				ASSETCATALOG_COMPILER_APPICON_NAME = AppIcon;
				CODE_SIGN_ENTITLEMENTS = NightVale/NightVale.entitlements;
				CODE_SIGN_STYLE = Automatic;
				COMBINE_HIDPI_IMAGES = YES;
				INFOPLIST_FILE = NightVale/Info.plist;
				LD_RUNPATH_SEARCH_PATHS = (
					"$(inherited)",
					"@executable_path/../Frameworks",
				);
				PRODUCT_BUNDLE_IDENTIFIER = McKinsey.NightVale;
				PRODUCT_NAME = "$(TARGET_NAME)";
				SWIFT_VERSION = 4.2;
			};
			name = Debug;
		};
		F49BBE1B215A966000AD0168 /* Release */ = {
			isa = XCBuildConfiguration;
			buildSettings = {
				ASSETCATALOG_COMPILER_APPICON_NAME = AppIcon;
				CODE_SIGN_ENTITLEMENTS = NightVale/NightVale.entitlements;
				CODE_SIGN_STYLE = Automatic;
				COMBINE_HIDPI_IMAGES = YES;
				INFOPLIST_FILE = NightVale/Info.plist;
				LD_RUNPATH_SEARCH_PATHS = (
					"$(inherited)",
					"@executable_path/../Frameworks",
				);
				PRODUCT_BUNDLE_IDENTIFIER = McKinsey.NightVale;
				PRODUCT_NAME = "$(TARGET_NAME)";
				SWIFT_VERSION = 4.2;
			};
			name = Release;
		};
		F49BBE1D215A966000AD0168 /* Debug */ = {
			isa = XCBuildConfiguration;
			buildSettings = {
				ALWAYS_EMBED_SWIFT_STANDARD_LIBRARIES = YES;
				BUNDLE_LOADER = "$(TEST_HOST)";
				CODE_SIGN_STYLE = Automatic;
				COMBINE_HIDPI_IMAGES = YES;
				INFOPLIST_FILE = NightValeTests/Info.plist;
				LD_RUNPATH_SEARCH_PATHS = (
					"$(inherited)",
					"@executable_path/../Frameworks",
					"@loader_path/../Frameworks",
				);
				PRODUCT_BUNDLE_IDENTIFIER = McKinsey.NightValeTests;
				PRODUCT_NAME = "$(TARGET_NAME)";
				SWIFT_VERSION = 4.2;
				TEST_HOST = "$(BUILT_PRODUCTS_DIR)/NightVale.app/Contents/MacOS/NightVale";
			};
			name = Debug;
		};
		F49BBE1E215A966000AD0168 /* Release */ = {
			isa = XCBuildConfiguration;
			buildSettings = {
				ALWAYS_EMBED_SWIFT_STANDARD_LIBRARIES = YES;
				BUNDLE_LOADER = "$(TEST_HOST)";
				CODE_SIGN_STYLE = Automatic;
				COMBINE_HIDPI_IMAGES = YES;
				INFOPLIST_FILE = NightValeTests/Info.plist;
				LD_RUNPATH_SEARCH_PATHS = (
					"$(inherited)",
					"@executable_path/../Frameworks",
					"@loader_path/../Frameworks",
				);
				PRODUCT_BUNDLE_IDENTIFIER = McKinsey.NightValeTests;
				PRODUCT_NAME = "$(TARGET_NAME)";
				SWIFT_VERSION = 4.2;
				TEST_HOST = "$(BUILT_PRODUCTS_DIR)/NightVale.app/Contents/MacOS/NightVale";
			};
			name = Release;
		};
		F49BBE20215A966000AD0168 /* Debug */ = {
			isa = XCBuildConfiguration;
			buildSettings = {
				ALWAYS_EMBED_SWIFT_STANDARD_LIBRARIES = YES;
				CODE_SIGN_STYLE = Automatic;
				COMBINE_HIDPI_IMAGES = YES;
				INFOPLIST_FILE = NightValeUITests/Info.plist;
				LD_RUNPATH_SEARCH_PATHS = (
					"$(inherited)",
					"@executable_path/../Frameworks",
					"@loader_path/../Frameworks",
				);
				PRODUCT_BUNDLE_IDENTIFIER = McKinsey.NightValeUITests;
				PRODUCT_NAME = "$(TARGET_NAME)";
				SWIFT_VERSION = 4.2;
				TEST_TARGET_NAME = NightVale;
			};
			name = Debug;
		};
		F49BBE21215A966000AD0168 /* Release */ = {
			isa = XCBuildConfiguration;
			buildSettings = {
				ALWAYS_EMBED_SWIFT_STANDARD_LIBRARIES = YES;
				CODE_SIGN_STYLE = Automatic;
				COMBINE_HIDPI_IMAGES = YES;
				INFOPLIST_FILE = NightValeUITests/Info.plist;
				LD_RUNPATH_SEARCH_PATHS = (
					"$(inherited)",
					"@executable_path/../Frameworks",
					"@loader_path/../Frameworks",
				);
				PRODUCT_BUNDLE_IDENTIFIER = McKinsey.NightValeUITests;
				PRODUCT_NAME = "$(TARGET_NAME)";
				SWIFT_VERSION = 4.2;
				TEST_TARGET_NAME = NightVale;
			};
			name = Release;
		};
/* End XCBuildConfiguration section */

/* Begin XCConfigurationList section */
		F49BBDEE215A965F00AD0168 /* Build configuration list for PBXProject "NightVale" */ = {
			isa = XCConfigurationList;
			buildConfigurations = (
				F49BBE17215A966000AD0168 /* Debug */,
				F49BBE18215A966000AD0168 /* Release */,
			);
			defaultConfigurationIsVisible = 0;
			defaultConfigurationName = Release;
		};
		F49BBE19215A966000AD0168 /* Build configuration list for PBXNativeTarget "NightVale" */ = {
			isa = XCConfigurationList;
			buildConfigurations = (
				F49BBE1A215A966000AD0168 /* Debug */,
				F49BBE1B215A966000AD0168 /* Release */,
			);
			defaultConfigurationIsVisible = 0;
			defaultConfigurationName = Release;
		};
		F49BBE1C215A966000AD0168 /* Build configuration list for PBXNativeTarget "NightValeTests" */ = {
			isa = XCConfigurationList;
			buildConfigurations = (
				F49BBE1D215A966000AD0168 /* Debug */,
				F49BBE1E215A966000AD0168 /* Release */,
			);
			defaultConfigurationIsVisible = 0;
			defaultConfigurationName = Release;
		};
		F49BBE1F215A966000AD0168 /* Build configuration list for PBXNativeTarget "NightValeUITests" */ = {
			isa = XCConfigurationList;
			buildConfigurations = (
				F49BBE20215A966000AD0168 /* Debug */,
				F49BBE21215A966000AD0168 /* Release */,
			);
			defaultConfigurationIsVisible = 0;
			defaultConfigurationName = Release;
		};
/* End XCConfigurationList section */
	};
	rootObject = F49BBDEB215A965F00AD0168 /* Project object */;
}
